
Microsoft Visual Studio Solution File, Format Version 12.00
# Visual Studio Version 17
VisualStudioVersion = 17.7.34221.43
MinimumVisualStudioVersion = 10.0.40219.1
Project("{9A19103F-16F7-4668-BE54-9A1E7A4F7556}") = "StatickMock.Sandbox", "StatickMock.Sandbox\StatickMock.Sandbox.csproj", "{E042036F-7FA6-4FC6-9FE8-9423E427FFB4}"
EndProject
Project("{9A19103F-16F7-4668-BE54-9A1E7A4F7556}") = "StatickMock", "StatickMock\StatickMock.csproj", "{59F4FB39-E37E-4860-887D-41B5D0EFE730}"
EndProject
Project("{9A19103F-16F7-4668-BE54-9A1E7A4F7556}") = "StatickMock.Tests", "StatickMock.Tests\StatickMock.Tests.csproj", "{27E65128-F5A4-4B5C-9811-D6849483A4D0}"
EndProject
Global
	GlobalSection(SolutionConfigurationPlatforms) = preSolution
		Debug|Any CPU = Debug|Any CPU
		Release|Any CPU = Release|Any CPU
	EndGlobalSection
	GlobalSection(ProjectConfigurationPlatforms) = postSolution
		{E042036F-7FA6-4FC6-9FE8-9423E427FFB4}.Debug|Any CPU.ActiveCfg = Debug|Any CPU
		{E042036F-7FA6-4FC6-9FE8-9423E427FFB4}.Debug|Any CPU.Build.0 = Debug|Any CPU
		{E042036F-7FA6-4FC6-9FE8-9423E427FFB4}.Release|Any CPU.ActiveCfg = Release|Any CPU
		{E042036F-7FA6-4FC6-9FE8-9423E427FFB4}.Release|Any CPU.Build.0 = Release|Any CPU
		{59F4FB39-E37E-4860-887D-41B5D0EFE730}.Debug|Any CPU.ActiveCfg = Debug|Any CPU
		{59F4FB39-E37E-4860-887D-41B5D0EFE730}.Debug|Any CPU.Build.0 = Debug|Any CPU
		{59F4FB39-E37E-4860-887D-41B5D0EFE730}.Release|Any CPU.ActiveCfg = Release|Any CPU
		{59F4FB39-E37E-4860-887D-41B5D0EFE730}.Release|Any CPU.Build.0 = Release|Any CPU
		{27E65128-F5A4-4B5C-9811-D6849483A4D0}.Debug|Any CPU.ActiveCfg = Debug|Any CPU
		{27E65128-F5A4-4B5C-9811-D6849483A4D0}.Debug|Any CPU.Build.0 = Debug|Any CPU
		{27E65128-F5A4-4B5C-9811-D6849483A4D0}.Release|Any CPU.ActiveCfg = Release|Any CPU
		{27E65128-F5A4-4B5C-9811-D6849483A4D0}.Release|Any CPU.Build.0 = Release|Any CPU
	EndGlobalSection
	GlobalSection(SolutionProperties) = preSolution
		HideSolutionNode = FALSE
	EndGlobalSection
	GlobalSection(ExtensibilityGlobals) = postSolution
		SolutionGuid = {08B49C30-56F6-4D7C-B954-5635E73086CC}
	EndGlobalSection
EndGlobal
